
Microsoft Visual Studio Solution File, Format Version 12.00
# Visual Studio Version 16
VisualStudioVersion = 16.0.30114.105
MinimumVisualStudioVersion = 10.0.40219.1
Project("{8BC9CEB8-8B4A-11D0-8D11-00A0C91BC942}") = "implicit", "implicit\implicit.vcxproj", "{E52331D6-D3BF-4D11-A2CA-B3BAA381757E}"
EndProject
Project("{8BC9CEB8-8B4A-11D0-8D11-00A0C91BC942}") = "implicitkernel", "implicitkernel\implicitkernel.vcxproj", "{A97B423B-47C4-48AF-ABFC-2A0F0F627BA4}"
EndProject
Global
	GlobalSection(SolutionConfigurationPlatforms) = preSolution
		Debug|x64 = Debug|x64
		OpenCLDebug|x64 = OpenCLDebug|x64
		Release|x64 = Release|x64
	EndGlobalSection
	GlobalSection(ProjectConfigurationPlatforms) = postSolution
		{E52331D6-D3BF-4D11-A2CA-B3BAA381757E}.Debug|x64.ActiveCfg = Debug|x64
		{E52331D6-D3BF-4D11-A2CA-B3BAA381757E}.Debug|x64.Build.0 = Debug|x64
		{E52331D6-D3BF-4D11-A2CA-B3BAA381757E}.Debug|x64.Deploy.0 = Debug|x64
		{E52331D6-D3BF-4D11-A2CA-B3BAA381757E}.OpenCLDebug|x64.ActiveCfg = OpenCLDebug|x64
		{E52331D6-D3BF-4D11-A2CA-B3BAA381757E}.OpenCLDebug|x64.Build.0 = OpenCLDebug|x64
		{E52331D6-D3BF-4D11-A2CA-B3BAA381757E}.Release|x64.ActiveCfg = Release|x64
		{E52331D6-D3BF-4D11-A2CA-B3BAA381757E}.Release|x64.Build.0 = Release|x64
		{A97B423B-47C4-48AF-ABFC-2A0F0F627BA4}.Debug|x64.ActiveCfg = Debug|x64
		{A97B423B-47C4-48AF-ABFC-2A0F0F627BA4}.Debug|x64.Build.0 = Debug|x64
		{A97B423B-47C4-48AF-ABFC-2A0F0F627BA4}.OpenCLDebug|x64.ActiveCfg = OpenCLDebug|x64
		{A97B423B-47C4-48AF-ABFC-2A0F0F627BA4}.OpenCLDebug|x64.Build.0 = OpenCLDebug|x64
		{A97B423B-47C4-48AF-ABFC-2A0F0F627BA4}.Release|x64.ActiveCfg = Release|x64
		{A97B423B-47C4-48AF-ABFC-2A0F0F627BA4}.Release|x64.Build.0 = Release|x64
	EndGlobalSection
	GlobalSection(SolutionProperties) = preSolution
		HideSolutionNode = FALSE
	EndGlobalSection
	GlobalSection(ExtensibilityGlobals) = postSolution
		SolutionGuid = {FE2F5940-F4D1-495D-A5F8-B53A09E01C3C}
	EndGlobalSection
EndGlobal
